
Microsoft Visual Studio Solution File, Format Version 12.00
# Visual Studio Version 16
VisualStudioVersion = 16.0.31613.86
MinimumVisualStudioVersion = 10.0.40219.1
Project("{FAE04EC0-301F-11D3-BF4B-00C04F79EFBC}") = "api-lancebot", "api-lancebot.csproj", "{C22C64AA-62C1-41E5-8101-903DD2DA08FD}"
EndProject
Global
	GlobalSection(SolutionConfigurationPlatforms) = preSolution
		Debug|Any CPU = Debug|Any CPU
		Release|Any CPU = Release|Any CPU
	EndGlobalSection
	GlobalSection(ProjectConfigurationPlatforms) = postSolution
		{C22C64AA-62C1-41E5-8101-903DD2DA08FD}.Debug|Any CPU.ActiveCfg = Debug|Any CPU
		{C22C64AA-62C1-41E5-8101-903DD2DA08FD}.Debug|Any CPU.Build.0 = Debug|Any CPU
		{C22C64AA-62C1-41E5-8101-903DD2DA08FD}.Release|Any CPU.ActiveCfg = Release|Any CPU
		{C22C64AA-62C1-41E5-8101-903DD2DA08FD}.Release|Any CPU.Build.0 = Release|Any CPU
	EndGlobalSection
	GlobalSection(SolutionProperties) = preSolution
		HideSolutionNode = FALSE
	EndGlobalSection
	GlobalSection(ExtensibilityGlobals) = postSolution
		SolutionGuid = {DDFBF9CB-4BE3-46B3-833D-7FA78632076A}
	EndGlobalSection
EndGlobal
